
Microsoft Visual Studio Solution File, Format Version 12.00
# Visual Studio Version 17
VisualStudioVersion = 17.14.37301.10 d17.14
MinimumVisualStudioVersion = 10.0.40219.1
Project("{FAE04EC0-301F-11D3-BF4B-00C04F79EFBC}") = "Min-Heap", "Min-Heap.csproj", "{ADAB1302-B5F4-4B87-A782-A348CDBA0E5D}"
EndProject
Global
	GlobalSection(SolutionConfigurationPlatforms) = preSolution
		Debug|Any CPU = Debug|Any CPU
		Release|Any CPU = Release|Any CPU
	EndGlobalSection
	GlobalSection(ProjectConfigurationPlatforms) = postSolution
		{ADAB1302-B5F4-4B87-A782-A348CDBA0E5D}.Debug|Any CPU.ActiveCfg = Debug|Any CPU
		{ADAB1302-B5F4-4B87-A782-A348CDBA0E5D}.Debug|Any CPU.Build.0 = Debug|Any CPU
		{ADAB1302-B5F4-4B87-A782-A348CDBA0E5D}.Release|Any CPU.ActiveCfg = Release|Any CPU
		{ADAB1302-B5F4-4B87-A782-A348CDBA0E5D}.Release|Any CPU.Build.0 = Release|Any CPU
	EndGlobalSection
	GlobalSection(SolutionProperties) = preSolution
		HideSolutionNode = FALSE
	EndGlobalSection
	GlobalSection(ExtensibilityGlobals) = postSolution
		SolutionGuid = {E25690DF-AD8C-47CC-8B32-3D6370CDA2EE}
	EndGlobalSection
EndGlobal
