
Microsoft Visual Studio Solution File, Format Version 12.00
# Visual Studio Version 17
VisualStudioVersion = 17.14.37301.10 d17.14
MinimumVisualStudioVersion = 10.0.40219.1
Project("{FAE04EC0-301F-11D3-BF4B-00C04F79EFBC}") = "GraphPractice", "GraphPractice.csproj", "{0CCF972F-059E-4737-9F85-032D8D81468D}"
EndProject
Global
	GlobalSection(SolutionConfigurationPlatforms) = preSolution
		Debug|Any CPU = Debug|Any CPU
		Release|Any CPU = Release|Any CPU
	EndGlobalSection
	GlobalSection(ProjectConfigurationPlatforms) = postSolution
		{0CCF972F-059E-4737-9F85-032D8D81468D}.Debug|Any CPU.ActiveCfg = Debug|Any CPU
		{0CCF972F-059E-4737-9F85-032D8D81468D}.Debug|Any CPU.Build.0 = Debug|Any CPU
		{0CCF972F-059E-4737-9F85-032D8D81468D}.Release|Any CPU.ActiveCfg = Release|Any CPU
		{0CCF972F-059E-4737-9F85-032D8D81468D}.Release|Any CPU.Build.0 = Release|Any CPU
	EndGlobalSection
	GlobalSection(SolutionProperties) = preSolution
		HideSolutionNode = FALSE
	EndGlobalSection
	GlobalSection(ExtensibilityGlobals) = postSolution
		SolutionGuid = {1CB570A3-767E-457B-B644-0D33DCAAF71B}
	EndGlobalSection
EndGlobal
