
Microsoft Visual Studio Solution File, Format Version 12.00
# Visual Studio Version 17
VisualStudioVersion = 17.14.36408.4 d17.14
MinimumVisualStudioVersion = 10.0.40219.1
Project("{FAE04EC0-301F-11D3-BF4B-00C04F79EFBC}") = "CircularLinkedList", "CircularLinkedList.csproj", "{AF21D581-0A16-4BA5-B603-44E9786ACDA1}"
EndProject
Global
	GlobalSection(SolutionConfigurationPlatforms) = preSolution
		Debug|Any CPU = Debug|Any CPU
		Release|Any CPU = Release|Any CPU
	EndGlobalSection
	GlobalSection(ProjectConfigurationPlatforms) = postSolution
		{AF21D581-0A16-4BA5-B603-44E9786ACDA1}.Debug|Any CPU.ActiveCfg = Debug|Any CPU
		{AF21D581-0A16-4BA5-B603-44E9786ACDA1}.Debug|Any CPU.Build.0 = Debug|Any CPU
		{AF21D581-0A16-4BA5-B603-44E9786ACDA1}.Release|Any CPU.ActiveCfg = Release|Any CPU
		{AF21D581-0A16-4BA5-B603-44E9786ACDA1}.Release|Any CPU.Build.0 = Release|Any CPU
	EndGlobalSection
	GlobalSection(SolutionProperties) = preSolution
		HideSolutionNode = FALSE
	EndGlobalSection
	GlobalSection(ExtensibilityGlobals) = postSolution
		SolutionGuid = {030F9F0B-8AA4-49C1-A44F-7D3404D2D342}
	EndGlobalSection
EndGlobal
